
Microsoft Visual Studio Solution File, Format Version 12.00
# Visual Studio Version 16
VisualStudioVersion = 16.0.31702.278
MinimumVisualStudioVersion = 10.0.40219.1
Project("{FAE04EC0-301F-11D3-BF4B-00C04F79EFBC}") = "Restaurant Menu", "Restaurant Menu\Restaurant Menu.csproj", "{701AB8C7-4887-4859-A41B-B27E96DCFA95}"
EndProject
Global
	GlobalSection(SolutionConfigurationPlatforms) = preSolution
		Debug|Any CPU = Debug|Any CPU
		Release|Any CPU = Release|Any CPU
	EndGlobalSection
	GlobalSection(ProjectConfigurationPlatforms) = postSolution
		{701AB8C7-4887-4859-A41B-B27E96DCFA95}.Debug|Any CPU.ActiveCfg = Debug|Any CPU
		{701AB8C7-4887-4859-A41B-B27E96DCFA95}.Debug|Any CPU.Build.0 = Debug|Any CPU
		{701AB8C7-4887-4859-A41B-B27E96DCFA95}.Release|Any CPU.ActiveCfg = Release|Any CPU
		{701AB8C7-4887-4859-A41B-B27E96DCFA95}.Release|Any CPU.Build.0 = Release|Any CPU
	EndGlobalSection
	GlobalSection(SolutionProperties) = preSolution
		HideSolutionNode = FALSE
	EndGlobalSection
	GlobalSection(ExtensibilityGlobals) = postSolution
		SolutionGuid = {0CE13266-A537-46D6-9923-3F4DF22FCDDE}
	EndGlobalSection
EndGlobal
